
Microsoft Visual Studio Solution File, Format Version 12.00
# Visual Studio Version 17
VisualStudioVersion = 17.13.35818.85 d17.13
MinimumVisualStudioVersion = 10.0.40219.1
Project("{FAE04EC0-301F-11D3-BF4B-00C04F79EFBC}") = "InterViewV2", "InterViewV2\InterViewV2.csproj", "{248421C9-17BF-4834-876B-AB3DCFEDCF31}"
EndProject
Global
	GlobalSection(SolutionConfigurationPlatforms) = preSolution
		Debug|Any CPU = Debug|Any CPU
		Release|Any CPU = Release|Any CPU
	EndGlobalSection
	GlobalSection(ProjectConfigurationPlatforms) = postSolution
		{248421C9-17BF-4834-876B-AB3DCFEDCF31}.Debug|Any CPU.ActiveCfg = Debug|Any CPU
		{248421C9-17BF-4834-876B-AB3DCFEDCF31}.Debug|Any CPU.Build.0 = Debug|Any CPU
		{248421C9-17BF-4834-876B-AB3DCFEDCF31}.Release|Any CPU.ActiveCfg = Release|Any CPU
		{248421C9-17BF-4834-876B-AB3DCFEDCF31}.Release|Any CPU.Build.0 = Release|Any CPU
	EndGlobalSection
	GlobalSection(SolutionProperties) = preSolution
		HideSolutionNode = FALSE
	EndGlobalSection
	GlobalSection(ExtensibilityGlobals) = postSolution
		SolutionGuid = {8E10A865-A4E1-4A72-B9CF-9AAFD879FCD8}
	EndGlobalSection
EndGlobal
